
Microsoft Visual Studio Solution File, Format Version 12.00
# Visual Studio Version 17
VisualStudioVersion = 17.5.33530.505
MinimumVisualStudioVersion = 10.0.40219.1
Project("{FAE04EC0-301F-11D3-BF4B-00C04F79EFBC}") = "LeetCodeExcercises", "LeetCodeExcercises\LeetCodeExcercises.csproj", "{A5F756A7-401F-49FE-9FB4-18744B7BD144}"
EndProject
Global
	GlobalSection(SolutionConfigurationPlatforms) = preSolution
		Debug|Any CPU = Debug|Any CPU
		Release|Any CPU = Release|Any CPU
	EndGlobalSection
	GlobalSection(ProjectConfigurationPlatforms) = postSolution
		{A5F756A7-401F-49FE-9FB4-18744B7BD144}.Debug|Any CPU.ActiveCfg = Debug|Any CPU
		{A5F756A7-401F-49FE-9FB4-18744B7BD144}.Debug|Any CPU.Build.0 = Debug|Any CPU
		{A5F756A7-401F-49FE-9FB4-18744B7BD144}.Release|Any CPU.ActiveCfg = Release|Any CPU
		{A5F756A7-401F-49FE-9FB4-18744B7BD144}.Release|Any CPU.Build.0 = Release|Any CPU
	EndGlobalSection
	GlobalSection(SolutionProperties) = preSolution
		HideSolutionNode = FALSE
	EndGlobalSection
	GlobalSection(ExtensibilityGlobals) = postSolution
		SolutionGuid = {158C6657-9BC5-4EC8-A86C-07F7E874DA07}
	EndGlobalSection
EndGlobal
